<Solution>
  <Folder Name="/src/">
    <Project Path="src/AgentSecrets.Cli/AgentSecrets.Cli.csproj" />
    <Project Path="src/AgentSecrets.Core/AgentSecrets.Core.csproj" />
  </Folder>
  <Folder Name="/tests/">
    <Project Path="tests/AgentSecrets.TestProbe/AgentSecrets.TestProbe.csproj" />
    <Project Path="tests/AgentSecrets.Tests/AgentSecrets.Tests.csproj" />
  </Folder>
</Solution>
